
Microsoft Visual Studio Solution File, Format Version 12.00
# Visual Studio Version 17
VisualStudioVersion = 17.13.35828.75
MinimumVisualStudioVersion = 10.0.40219.1
Project("{FAE04EC0-301F-11D3-BF4B-00C04F79EFBC}") = "Grpc.Service", "Grpc.Service\Grpc.Service.csproj", "{0D84EF3D-FE64-4435-A962-22B73904B3C4}"
EndProject
Project("{FAE04EC0-301F-11D3-BF4B-00C04F79EFBC}") = "Grpc.Shared", "Grpc.Shared\Grpc.Shared.csproj", "{21A6EC1D-7317-4EB4-9E54-3AC922AADB19}"
EndProject
Project("{FAE04EC0-301F-11D3-BF4B-00C04F79EFBC}") = "Grpc.Client", "Grpc.Client\Grpc.Client.csproj", "{7AFEBF35-2756-43D3-AA6D-A0DEAF1C4EC1}"
EndProject
Global
	GlobalSection(SolutionConfigurationPlatforms) = preSolution
		Debug|Any CPU = Debug|Any CPU
		Release|Any CPU = Release|Any CPU
	EndGlobalSection
	GlobalSection(ProjectConfigurationPlatforms) = postSolution
		{0D84EF3D-FE64-4435-A962-22B73904B3C4}.Debug|Any CPU.ActiveCfg = Debug|Any CPU
		{0D84EF3D-FE64-4435-A962-22B73904B3C4}.Debug|Any CPU.Build.0 = Debug|Any CPU
		{0D84EF3D-FE64-4435-A962-22B73904B3C4}.Release|Any CPU.ActiveCfg = Release|Any CPU
		{0D84EF3D-FE64-4435-A962-22B73904B3C4}.Release|Any CPU.Build.0 = Release|Any CPU
		{21A6EC1D-7317-4EB4-9E54-3AC922AADB19}.Debug|Any CPU.ActiveCfg = Debug|Any CPU
		{21A6EC1D-7317-4EB4-9E54-3AC922AADB19}.Debug|Any CPU.Build.0 = Debug|Any CPU
		{21A6EC1D-7317-4EB4-9E54-3AC922AADB19}.Release|Any CPU.ActiveCfg = Release|Any CPU
		{21A6EC1D-7317-4EB4-9E54-3AC922AADB19}.Release|Any CPU.Build.0 = Release|Any CPU
		{7AFEBF35-2756-43D3-AA6D-A0DEAF1C4EC1}.Debug|Any CPU.ActiveCfg = Debug|Any CPU
		{7AFEBF35-2756-43D3-AA6D-A0DEAF1C4EC1}.Debug|Any CPU.Build.0 = Debug|Any CPU
		{7AFEBF35-2756-43D3-AA6D-A0DEAF1C4EC1}.Release|Any CPU.ActiveCfg = Release|Any CPU
		{7AFEBF35-2756-43D3-AA6D-A0DEAF1C4EC1}.Release|Any CPU.Build.0 = Release|Any CPU
	EndGlobalSection
	GlobalSection(SolutionProperties) = preSolution
		HideSolutionNode = FALSE
	EndGlobalSection
	GlobalSection(ExtensibilityGlobals) = postSolution
		SolutionGuid = {11F84297-84CD-460C-9062-8125A51AD290}
	EndGlobalSection
EndGlobal
